
Microsoft Visual Studio Solution File, Format Version 12.00
# Visual Studio Version 17
VisualStudioVersion = 17.1.32407.343
MinimumVisualStudioVersion = 10.0.40219.1
Project("{FAE04EC0-301F-11D3-BF4B-00C04F79EFBC}") = "Hakan.ConsoleApp.Homework1", "Hakan.ConsoleApp.Homework1\Hakan.ConsoleApp.Homework1.csproj", "{EC4BF0B4-4308-45BC-9D41-BC3AC72652B9}"
EndProject
Global
	GlobalSection(SolutionConfigurationPlatforms) = preSolution
		Debug|Any CPU = Debug|Any CPU
		Release|Any CPU = Release|Any CPU
	EndGlobalSection
	GlobalSection(ProjectConfigurationPlatforms) = postSolution
		{EC4BF0B4-4308-45BC-9D41-BC3AC72652B9}.Debug|Any CPU.ActiveCfg = Debug|Any CPU
		{EC4BF0B4-4308-45BC-9D41-BC3AC72652B9}.Debug|Any CPU.Build.0 = Debug|Any CPU
		{EC4BF0B4-4308-45BC-9D41-BC3AC72652B9}.Release|Any CPU.ActiveCfg = Release|Any CPU
		{EC4BF0B4-4308-45BC-9D41-BC3AC72652B9}.Release|Any CPU.Build.0 = Release|Any CPU
	EndGlobalSection
	GlobalSection(SolutionProperties) = preSolution
		HideSolutionNode = FALSE
	EndGlobalSection
	GlobalSection(ExtensibilityGlobals) = postSolution
		SolutionGuid = {71BB209D-2F4A-4E15-92B6-BC87CD497C00}
	EndGlobalSection
EndGlobal
